# THIS IS AN AUTOGENERATED FILE. DO NOT EDIT THIS FILE DIRECTLY.
# yarn lockfile v1


requirejs@^2.3.8:
  version "2.3.8"
  resolved "https://registry.yarnpkg.com/requirejs/-/requirejs-2.3.8.tgz#bca0614b618ab2122462597e44878db7558bbba3"
  integrity sha512-7/cTSLOdYkNBNJcDMWf+luFvMriVm7eYxp4BcFCsAX0wF421Vyce5SXP17c+Jd5otXKGNehIonFlyQXSowL6Mw==
